<?xml version="1.0" encoding="UTF-8" standalone="yes" ?>
<CodeBlocks_project_file>
	<FileVersion major="1" minor="6" />
	<Project>
		<Option title="test" />
		<Option pch_mode="2" />
		<Option compiler="gcc" />
		<Build>
			<Target title="Debug">
				<Option output="bin/Debug/test" prefix_auto="1" extension_auto="1" />
				<Option object_output="obj/Debug/" />
				<Option type="1" />
				<Option compiler="gcc" />
				<Compiler>
					<Add option="-g" />
				</Compiler>
			</Target>
			<Target title="Release">
				<Option output="bin/Release/test" prefix_auto="1" extension_auto="1" />
				<Option object_output="obj/Release/" />
				<Option type="1" />
				<Option compiler="gcc" />
				<Compiler>
					<Add option="-O2" />
				</Compiler>
				<Linker>
					<Add option="-s" />
				</Linker>
			</Target>
		</Build>
		<Compiler>
			<Add option="-Wall" />
			<Add option="-fexceptions" />
		</Compiler>
		<Unit filename="A220.cpp" />
		<Unit filename="A220.h" />
		<Unit filename="A330.cpp" />
		<Unit filename="A330.h" />
		<Unit filename="A350.cpp" />
		<Unit filename="A350.h" />
		<Unit filename="A380.cpp" />
		<Unit filename="A380.h" />
		<Unit filename="Airline.cpp" />
		<Unit filename="Airline.h" />
		<Unit filename="Airport.cpp" />
		<Unit filename="Airport.h" />
		<Unit filename="App.cpp" />
		<Unit filename="App.h" />
		<Unit filename="Booking.cpp" />
		<Unit filename="Booking.h" />
		<Unit filename="Bookinginfo.cpp" />
		<Unit filename="Bookinginfo.h" />
		<Unit filename="Businessclass.cpp" />
		<Unit filename="Businessclass.h" />
		<Unit filename="Economy .cpp" />
		<Unit filename="Economy .h" />
		<Unit filename="Firstclass.cpp" />
		<Unit filename="Firstclass.h" />
		<Unit filename="Flight.cpp" />
		<Unit filename="Flight.h" />
		<Unit filename="Passanger.cpp" />
		<Unit filename="Passanger.h" />
		<Unit filename="main.cpp" />
		<Extensions>
			<code_completion />
			<envvars />
			<debugger />
		</Extensions>
	</Project>
</CodeBlocks_project_file>
